
Microsoft Visual Studio Solution File, Format Version 12.00
# Visual Studio 14
VisualStudioVersion = 14.0.25420.1
MinimumVisualStudioVersion = 10.0.40219.1
Project("{FAE04EC0-301F-11D3-BF4B-00C04F79EFBC}") = "ZapTS.WebApi", "ZapTS.WebApi\ZapTS.WebApi.csproj", "{A183E1EE-4CCF-4E67-9E22-A11859FB72FE}"
EndProject
Project("{FAE04EC0-301F-11D3-BF4B-00C04F79EFBC}") = "ZapTS.Web", "ZapTS.Web\ZapTS.Web.csproj", "{8A08A3BB-C18E-48C1-8095-6484DA6B623F}"
EndProject
Global
	GlobalSection(SolutionConfigurationPlatforms) = preSolution
		Debug|Any CPU = Debug|Any CPU
		Release|Any CPU = Release|Any CPU
	EndGlobalSection
	GlobalSection(ProjectConfigurationPlatforms) = postSolution
		{A183E1EE-4CCF-4E67-9E22-A11859FB72FE}.Debug|Any CPU.ActiveCfg = Debug|Any CPU
		{A183E1EE-4CCF-4E67-9E22-A11859FB72FE}.Debug|Any CPU.Build.0 = Debug|Any CPU
		{A183E1EE-4CCF-4E67-9E22-A11859FB72FE}.Release|Any CPU.ActiveCfg = Release|Any CPU
		{A183E1EE-4CCF-4E67-9E22-A11859FB72FE}.Release|Any CPU.Build.0 = Release|Any CPU
		{8A08A3BB-C18E-48C1-8095-6484DA6B623F}.Debug|Any CPU.ActiveCfg = Debug|Any CPU
		{8A08A3BB-C18E-48C1-8095-6484DA6B623F}.Debug|Any CPU.Build.0 = Debug|Any CPU
		{8A08A3BB-C18E-48C1-8095-6484DA6B623F}.Release|Any CPU.ActiveCfg = Release|Any CPU
		{8A08A3BB-C18E-48C1-8095-6484DA6B623F}.Release|Any CPU.Build.0 = Release|Any CPU
	EndGlobalSection
	GlobalSection(SolutionProperties) = preSolution
		HideSolutionNode = FALSE
	EndGlobalSection
EndGlobal
